
Microsoft Visual Studio Solution File, Format Version 12.00
# Visual Studio Version 16
VisualStudioVersion = 16.0.30320.27
MinimumVisualStudioVersion = 10.0.40219.1
Project("{FAE04EC0-301F-11D3-BF4B-00C04F79EFBC}") = "EditorText", "EditorText.csproj", "{56F23039-E222-4FAF-A5C7-464079FF7631}"
EndProject
Global
	GlobalSection(SolutionConfigurationPlatforms) = preSolution
		Debug|Any CPU = Debug|Any CPU
		Release|Any CPU = Release|Any CPU
	EndGlobalSection
	GlobalSection(ProjectConfigurationPlatforms) = postSolution
		{56F23039-E222-4FAF-A5C7-464079FF7631}.Debug|Any CPU.ActiveCfg = Debug|Any CPU
		{56F23039-E222-4FAF-A5C7-464079FF7631}.Debug|Any CPU.Build.0 = Debug|Any CPU
		{56F23039-E222-4FAF-A5C7-464079FF7631}.Release|Any CPU.ActiveCfg = Release|Any CPU
		{56F23039-E222-4FAF-A5C7-464079FF7631}.Release|Any CPU.Build.0 = Release|Any CPU
	EndGlobalSection
	GlobalSection(SolutionProperties) = preSolution
		HideSolutionNode = FALSE
	EndGlobalSection
	GlobalSection(ExtensibilityGlobals) = postSolution
		SolutionGuid = {B69DED2D-D20C-4A8C-88BA-E5AB5E8D21BB}
	EndGlobalSection
EndGlobal
